// !$*UTF8*$!
{
	archiveVersion = 1;
	classes = {
	};
	objectVersion = 46;
	objects = {

/* Begin PBXBuildFile section */
		FAA93B5919B56B2A000678CF /* Foundation.framework in Frameworks */ = {isa = PBXBuildFile; fileRef = FAA93B5819B56B2A000678CF /* Foundation.framework */; };
		FAA93B5B19B56B2A000678CF /* CoreGraphics.framework in Frameworks */ = {isa = PBXBuildFile; fileRef = FAA93B5A19B56B2A000678CF /* CoreGraphics.framework */; };
		FAA93B5D19B56B2A000678CF /* UIKit.framework in Frameworks */ = {isa = PBXBuildFile; fileRef = FAA93B5C19B56B2A000678CF /* UIKit.framework */; };
		FAA93B5F19B56B2A000678CF /* CoreData.framework in Frameworks */ = {isa = PBXBuildFile; fileRef = FAA93B5E19B56B2A000678CF /* CoreData.framework */; };
		FAA93B6519B56B2A000678CF /* InfoPlist.strings in Resources */ = {isa = PBXBuildFile; fileRef = FAA93B6319B56B2A000678CF /* InfoPlist.strings */; };
		FAA93B6719B56B2A000678CF /* main.m in Sources */ = {isa = PBXBuildFile; fileRef = FAA93B6619B56B2A000678CF /* main.m */; };
		FAA93B6B19B56B2A000678CF /* AppDelegate.m in Sources */ = {isa = PBXBuildFile; fileRef = FAA93B6A19B56B2A000678CF /* AppDelegate.m */; };
		FAA93B6E19B56B2A000678CF /* LED_light_bulbs_for_network_control.xcdatamodeld in Sources */ = {isa = PBXBuildFile; fileRef = FAA93B6C19B56B2A000678CF /* LED_light_bulbs_for_network_control.xcdatamodeld */; };
		FAA93B7019B56B2A000678CF /* Images.xcassets in Resources */ = {isa = PBXBuildFile; fileRef = FAA93B6F19B56B2A000678CF /* Images.xcassets */; };
		FAA93B7719B56B2A000678CF /* XCTest.framework in Frameworks */ = {isa = PBXBuildFile; fileRef = FAA93B7619B56B2A000678CF /* XCTest.framework */; };
		FAA93B7819B56B2A000678CF /* Foundation.framework in Frameworks */ = {isa = PBXBuildFile; fileRef = FAA93B5819B56B2A000678CF /* Foundation.framework */; };
		FAA93B7919B56B2A000678CF /* UIKit.framework in Frameworks */ = {isa = PBXBuildFile; fileRef = FAA93B5C19B56B2A000678CF /* UIKit.framework */; };
		FAA93B7A19B56B2A000678CF /* CoreData.framework in Frameworks */ = {isa = PBXBuildFile; fileRef = FAA93B5E19B56B2A000678CF /* CoreData.framework */; };
		FAA93B8219B56B2A000678CF /* InfoPlist.strings in Resources */ = {isa = PBXBuildFile; fileRef = FAA93B8019B56B2A000678CF /* InfoPlist.strings */; };
		FAA93B8419B56B2A000678CF /* LED_light_bulbs_for_network_controlTests.m in Sources */ = {isa = PBXBuildFile; fileRef = FAA93B8319B56B2A000678CF /* LED_light_bulbs_for_network_controlTests.m */; };
/* End PBXBuildFile section */

/* Begin PBXContainerItemProxy section */
		FAA93B7B19B56B2A000678CF /* PBXContainerItemProxy */ = {
			isa = PBXContainerItemProxy;
			containerPortal = FAA93B4D19B56B2A000678CF /* Project object */;
			proxyType = 1;
			remoteGlobalIDString = FAA93B5419B56B2A000678CF;
			remoteInfo = "LED light bulbs for network control";
		};
/* End PBXContainerItemProxy section */

/* Begin PBXFileReference section */
		FAA93B5519B56B2A000678CF /* LED light bulbs for network control.app */ = {isa = PBXFileReference; explicitFileType = wrapper.application; includeInIndex = 0; path = "LED light bulbs for network control.app"; sourceTree = BUILT_PRODUCTS_DIR; };
		FAA93B5819B56B2A000678CF /* Foundation.framework */ = {isa = PBXFileReference; lastKnownFileType = wrapper.framework; name = Foundation.framework; path = System/Library/Frameworks/Foundation.framework; sourceTree = SDKROOT; };
		FAA93B5A19B56B2A000678CF /* CoreGraphics.framework */ = {isa = PBXFileReference; lastKnownFileType = wrapper.framework; name = CoreGraphics.framework; path = System/Library/Frameworks/CoreGraphics.framework; sourceTree = SDKROOT; };
		FAA93B5C19B56B2A000678CF /* UIKit.framework */ = {isa = PBXFileReference; lastKnownFileType = wrapper.framework; name = UIKit.framework; path = System/Library/Frameworks/UIKit.framework; sourceTree = SDKROOT; };
		FAA93B5E19B56B2A000678CF /* CoreData.framework */ = {isa = PBXFileReference; lastKnownFileType = wrapper.framework; name = CoreData.framework; path = System/Library/Frameworks/CoreData.framework; sourceTree = SDKROOT; };
		FAA93B6219B56B2A000678CF /* LED light bulbs for network control-Info.plist */ = {isa = PBXFileReference; lastKnownFileType = text.plist.xml; path = "LED light bulbs for network control-Info.plist"; sourceTree = "<group>"; };
		FAA93B6419B56B2A000678CF /* en */ = {isa = PBXFileReference; lastKnownFileType = text.plist.strings; name = en; path = en.lproj/InfoPlist.strings; sourceTree = "<group>"; };
		FAA93B6619B56B2A000678CF /* main.m */ = {isa = PBXFileReference; lastKnownFileType = sourcecode.c.objc; path = main.m; sourceTree = "<group>"; };
		FAA93B6819B56B2A000678CF /* LED light bulbs for network control-Prefix.pch */ = {isa = PBXFileReference; lastKnownFileType = sourcecode.c.h; path = "LED light bulbs for network control-Prefix.pch"; sourceTree = "<group>"; };
		FAA93B6919B56B2A000678CF /* AppDelegate.h */ = {isa = PBXFileReference; lastKnownFileType = sourcecode.c.h; path = AppDelegate.h; sourceTree = "<group>"; };
		FAA93B6A19B56B2A000678CF /* AppDelegate.m */ = {isa = PBXFileReference; lastKnownFileType = sourcecode.c.objc; path = AppDelegate.m; sourceTree = "<group>"; };
		FAA93B6D19B56B2A000678CF /* LED_light_bulbs_for_network_control.xcdatamodel */ = {isa = PBXFileReference; lastKnownFileType = wrapper.xcdatamodel; path = LED_light_bulbs_for_network_control.xcdatamodel; sourceTree = "<group>"; };
		FAA93B6F19B56B2A000678CF /* Images.xcassets */ = {isa = PBXFileReference; lastKnownFileType = folder.assetcatalog; path = Images.xcassets; sourceTree = "<group>"; };
		FAA93B7519B56B2A000678CF /* LED light bulbs for network controlTests.xctest */ = {isa = PBXFileReference; explicitFileType = wrapper.cfbundle; includeInIndex = 0; path = "LED light bulbs for network controlTests.xctest"; sourceTree = BUILT_PRODUCTS_DIR; };
		FAA93B7619B56B2A000678CF /* XCTest.framework */ = {isa = PBXFileReference; lastKnownFileType = wrapper.framework; name = XCTest.framework; path = Library/Frameworks/XCTest.framework; sourceTree = DEVELOPER_DIR; };
		FAA93B7F19B56B2A000678CF /* LED light bulbs for network controlTests-Info.plist */ = {isa = PBXFileReference; lastKnownFileType = text.plist.xml; path = "LED light bulbs for network controlTests-Info.plist"; sourceTree = "<group>"; };
		FAA93B8119B56B2A000678CF /* en */ = {isa = PBXFileReference; lastKnownFileType = text.plist.strings; name = en; path = en.lproj/InfoPlist.strings; sourceTree = "<group>"; };
		FAA93B8319B56B2A000678CF /* LED_light_bulbs_for_network_controlTests.m */ = {isa = PBXFileReference; lastKnownFileType = sourcecode.c.objc; path = LED_light_bulbs_for_network_controlTests.m; sourceTree = "<group>"; };
/* End PBXFileReference section */

/* Begin PBXFrameworksBuildPhase section */
		FAA93B5219B56B2A000678CF /* Frameworks */ = {
			isa = PBXFrameworksBuildPhase;
			buildActionMask = 2147483647;
			files = (
				FAA93B5B19B56B2A000678CF /* CoreGraphics.framework in Frameworks */,
				FAA93B5F19B56B2A000678CF /* CoreData.framework in Frameworks */,
				FAA93B5D19B56B2A000678CF /* UIKit.framework in Frameworks */,
				FAA93B5919B56B2A000678CF /* Foundation.framework in Frameworks */,
			);
			runOnlyForDeploymentPostprocessing = 0;
		};
		FAA93B7219B56B2A000678CF /* Frameworks */ = {
			isa = PBXFrameworksBuildPhase;
			buildActionMask = 2147483647;
			files = (
				FAA93B7719B56B2A000678CF /* XCTest.framework in Frameworks */,
				FAA93B7A19B56B2A000678CF /* CoreData.framework in Frameworks */,
				FAA93B7919B56B2A000678CF /* UIKit.framework in Frameworks */,
				FAA93B7819B56B2A000678CF /* Foundation.framework in Frameworks */,
			);
			runOnlyForDeploymentPostprocessing = 0;
		};
/* End PBXFrameworksBuildPhase section */

/* Begin PBXGroup section */
		FAA93B4C19B56B2A000678CF = {
			isa = PBXGroup;
			children = (
				FAA93B6019B56B2A000678CF /* LED light bulbs for network control */,
				FAA93B7D19B56B2A000678CF /* LED light bulbs for network controlTests */,
				FAA93B5719B56B2A000678CF /* Frameworks */,
				FAA93B5619B56B2A000678CF /* Products */,
			);
			sourceTree = "<group>";
		};
		FAA93B5619B56B2A000678CF /* Products */ = {
			isa = PBXGroup;
			children = (
				FAA93B5519B56B2A000678CF /* LED light bulbs for network control.app */,
				FAA93B7519B56B2A000678CF /* LED light bulbs for network controlTests.xctest */,
			);
			name = Products;
			sourceTree = "<group>";
		};
		FAA93B5719B56B2A000678CF /* Frameworks */ = {
			isa = PBXGroup;
			children = (
				FAA93B5819B56B2A000678CF /* Foundation.framework */,
				FAA93B5A19B56B2A000678CF /* CoreGraphics.framework */,
				FAA93B5C19B56B2A000678CF /* UIKit.framework */,
				FAA93B5E19B56B2A000678CF /* CoreData.framework */,
				FAA93B7619B56B2A000678CF /* XCTest.framework */,
			);
			name = Frameworks;
			sourceTree = "<group>";
		};
		FAA93B6019B56B2A000678CF /* LED light bulbs for network control */ = {
			isa = PBXGroup;
			children = (
				FAA93B6919B56B2A000678CF /* AppDelegate.h */,
				FAA93B6A19B56B2A000678CF /* AppDelegate.m */,
				FAA93B6F19B56B2A000678CF /* Images.xcassets */,
				FAA93B6C19B56B2A000678CF /* LED_light_bulbs_for_network_control.xcdatamodeld */,
				FAA93B6119B56B2A000678CF /* Supporting Files */,
			);
			path = "LED light bulbs for network control";
			sourceTree = "<group>";
		};
		FAA93B6119B56B2A000678CF /* Supporting Files */ = {
			isa = PBXGroup;
			children = (
				FAA93B6219B56B2A000678CF /* LED light bulbs for network control-Info.plist */,
				FAA93B6319B56B2A000678CF /* InfoPlist.strings */,
				FAA93B6619B56B2A000678CF /* main.m */,
				FAA93B6819B56B2A000678CF /* LED light bulbs for network control-Prefix.pch */,
			);
			name = "Supporting Files";
			sourceTree = "<group>";
		};
		FAA93B7D19B56B2A000678CF /* LED light bulbs for network controlTests */ = {
			isa = PBXGroup;
			children = (
				FAA93B8319B56B2A000678CF /* LED_light_bulbs_for_network_controlTests.m */,
				FAA93B7E19B56B2A000678CF /* Supporting Files */,
			);
			path = "LED light bulbs for network controlTests";
			sourceTree = "<group>";
		};
		FAA93B7E19B56B2A000678CF /* Supporting Files */ = {
			isa = PBXGroup;
			children = (
				FAA93B7F19B56B2A000678CF /* LED light bulbs for network controlTests-Info.plist */,
				FAA93B8019B56B2A000678CF /* InfoPlist.strings */,
			);
			name = "Supporting Files";
			sourceTree = "<group>";
		};
/* End PBXGroup section */

/* Begin PBXNativeTarget section */
		FAA93B5419B56B2A000678CF /* LED light bulbs for network control */ = {
			isa = PBXNativeTarget;
			buildConfigurationList = FAA93B8719B56B2A000678CF /* Build configuration list for PBXNativeTarget "LED light bulbs for network control" */;
			buildPhases = (
				FAA93B5119B56B2A000678CF /* Sources */,
				FAA93B5219B56B2A000678CF /* Frameworks */,
				FAA93B5319B56B2A000678CF /* Resources */,
			);
			buildRules = (
			);
			dependencies = (
			);
			name = "LED light bulbs for network control";
			productName = "LED light bulbs for network control";
			productReference = FAA93B5519B56B2A000678CF /* LED light bulbs for network control.app */;
			productType = "com.apple.product-type.application";
		};
		FAA93B7419B56B2A000678CF /* LED light bulbs for network controlTests */ = {
			isa = PBXNativeTarget;
			buildConfigurationList = FAA93B8A19B56B2A000678CF /* Build configuration list for PBXNativeTarget "LED light bulbs for network controlTests" */;
			buildPhases = (
				FAA93B7119B56B2A000678CF /* Sources */,
				FAA93B7219B56B2A000678CF /* Frameworks */,
				FAA93B7319B56B2A000678CF /* Resources */,
			);
			buildRules = (
			);
			dependencies = (
				FAA93B7C19B56B2A000678CF /* PBXTargetDependency */,
			);
			name = "LED light bulbs for network controlTests";
			productName = "LED light bulbs for network controlTests";
			productReference = FAA93B7519B56B2A000678CF /* LED light bulbs for network controlTests.xctest */;
			productType = "com.apple.product-type.bundle.unit-test";
		};
/* End PBXNativeTarget section */

/* Begin PBXProject section */
		FAA93B4D19B56B2A000678CF /* Project object */ = {
			isa = PBXProject;
			attributes = {
				LastUpgradeCheck = 0510;
				ORGANIZATIONNAME = "___FULLUSERNAME___";
				TargetAttributes = {
					FAA93B7419B56B2A000678CF = {
						TestTargetID = FAA93B5419B56B2A000678CF;
					};
				};
			};
			buildConfigurationList = FAA93B5019B56B2A000678CF /* Build configuration list for PBXProject "LED light bulbs for network control" */;
			compatibilityVersion = "Xcode 3.2";
			developmentRegion = English;
			hasScannedForEncodings = 0;
			knownRegions = (
				en,
			);
			mainGroup = FAA93B4C19B56B2A000678CF;
			productRefGroup = FAA93B5619B56B2A000678CF /* Products */;
			projectDirPath = "";
			projectRoot = "";
			targets = (
				FAA93B5419B56B2A000678CF /* LED light bulbs for network control */,
				FAA93B7419B56B2A000678CF /* LED light bulbs for network controlTests */,
			);
		};
/* End PBXProject section */

/* Begin PBXResourcesBuildPhase section */
		FAA93B5319B56B2A000678CF /* Resources */ = {
			isa = PBXResourcesBuildPhase;
			buildActionMask = 2147483647;
			files = (
				FAA93B6519B56B2A000678CF /* InfoPlist.strings in Resources */,
				FAA93B7019B56B2A000678CF /* Images.xcassets in Resources */,
			);
			runOnlyForDeploymentPostprocessing = 0;
		};
		FAA93B7319B56B2A000678CF /* Resources */ = {
			isa = PBXResourcesBuildPhase;
			buildActionMask = 2147483647;
			files = (
				FAA93B8219B56B2A000678CF /* InfoPlist.strings in Resources */,
			);
			runOnlyForDeploymentPostprocessing = 0;
		};
/* End PBXResourcesBuildPhase section */

/* Begin PBXSourcesBuildPhase section */
		FAA93B5119B56B2A000678CF /* Sources */ = {
			isa = PBXSourcesBuildPhase;
			buildActionMask = 2147483647;
			files = (
				FAA93B6B19B56B2A000678CF /* AppDelegate.m in Sources */,
				FAA93B6719B56B2A000678CF /* main.m in Sources */,
				FAA93B6E19B56B2A000678CF /* LED_light_bulbs_for_network_control.xcdatamodeld in Sources */,
			);
			runOnlyForDeploymentPostprocessing = 0;
		};
		FAA93B7119B56B2A000678CF /* Sources */ = {
			isa = PBXSourcesBuildPhase;
			buildActionMask = 2147483647;
			files = (
				FAA93B8419B56B2A000678CF /* LED_light_bulbs_for_network_controlTests.m in Sources */,
			);
			runOnlyForDeploymentPostprocessing = 0;
		};
/* End PBXSourcesBuildPhase section */

/* Begin PBXTargetDependency section */
		FAA93B7C19B56B2A000678CF /* PBXTargetDependency */ = {
			isa = PBXTargetDependency;
			target = FAA93B5419B56B2A000678CF /* LED light bulbs for network control */;
			targetProxy = FAA93B7B19B56B2A000678CF /* PBXContainerItemProxy */;
		};
/* End PBXTargetDependency section */

/* Begin PBXVariantGroup section */
		FAA93B6319B56B2A000678CF /* InfoPlist.strings */ = {
			isa = PBXVariantGroup;
			children = (
				FAA93B6419B56B2A000678CF /* en */,
			);
			name = InfoPlist.strings;
			sourceTree = "<group>";
		};
		FAA93B8019B56B2A000678CF /* InfoPlist.strings */ = {
			isa = PBXVariantGroup;
			children = (
				FAA93B8119B56B2A000678CF /* en */,
			);
			name = InfoPlist.strings;
			sourceTree = "<group>";
		};
/* End PBXVariantGroup section */

/* Begin XCBuildConfiguration section */
		FAA93B8519B56B2A000678CF /* Debug */ = {
			isa = XCBuildConfiguration;
			buildSettings = {
				ALWAYS_SEARCH_USER_PATHS = NO;
				CLANG_CXX_LANGUAGE_STANDARD = "gnu++0x";
				CLANG_CXX_LIBRARY = "libc++";
				CLANG_ENABLE_MODULES = YES;
				CLANG_ENABLE_OBJC_ARC = YES;
				CLANG_WARN_BOOL_CONVERSION = YES;
				CLANG_WARN_CONSTANT_CONVERSION = YES;
				CLANG_WARN_DIRECT_OBJC_ISA_USAGE = YES_ERROR;
				CLANG_WARN_EMPTY_BODY = YES;
				CLANG_WARN_ENUM_CONVERSION = YES;
				CLANG_WARN_INT_CONVERSION = YES;
				CLANG_WARN_OBJC_ROOT_CLASS = YES_ERROR;
				CLANG_WARN__DUPLICATE_METHOD_MATCH = YES;
				"CODE_SIGN_IDENTITY[sdk=iphoneos*]" = "iPhone Developer";
				COPY_PHASE_STRIP = NO;
				GCC_C_LANGUAGE_STANDARD = gnu99;
				GCC_DYNAMIC_NO_PIC = NO;
				GCC_OPTIMIZATION_LEVEL = 0;
				GCC_PREPROCESSOR_DEFINITIONS = (
					"DEBUG=1",
					"$(inherited)",
				);
				GCC_SYMBOLS_PRIVATE_EXTERN = NO;
				GCC_WARN_64_TO_32_BIT_CONVERSION = YES;
				GCC_WARN_ABOUT_RETURN_TYPE = YES_ERROR;
				GCC_WARN_UNDECLARED_SELECTOR = YES;
				GCC_WARN_UNINITIALIZED_AUTOS = YES_AGGRESSIVE;
				GCC_WARN_UNUSED_FUNCTION = YES;
				GCC_WARN_UNUSED_VARIABLE = YES;
				IPHONEOS_DEPLOYMENT_TARGET = 7.1;
				ONLY_ACTIVE_ARCH = YES;
				SDKROOT = iphoneos;
			};
			name = Debug;
		};
		FAA93B8619B56B2A000678CF /* Release */ = {
			isa = XCBuildConfiguration;
			buildSettings = {
				ALWAYS_SEARCH_USER_PATHS = NO;
				CLANG_CXX_LANGUAGE_STANDARD = "gnu++0x";
				CLANG_CXX_LIBRARY = "libc++";
				CLANG_ENABLE_MODULES = YES;
				CLANG_ENABLE_OBJC_ARC = YES;
				CLANG_WARN_BOOL_CONVERSION = YES;
				CLANG_WARN_CONSTANT_CONVERSION = YES;
				CLANG_WARN_DIRECT_OBJC_ISA_USAGE = YES_ERROR;
				CLANG_WARN_EMPTY_BODY = YES;
				CLANG_WARN_ENUM_CONVERSION = YES;
				CLANG_WARN_INT_CONVERSION = YES;
				CLANG_WARN_OBJC_ROOT_CLASS = YES_ERROR;
				CLANG_WARN__DUPLICATE_METHOD_MATCH = YES;
				"CODE_SIGN_IDENTITY[sdk=iphoneos*]" = "iPhone Developer";
				COPY_PHASE_STRIP = YES;
				ENABLE_NS_ASSERTIONS = NO;
				GCC_C_LANGUAGE_STANDARD = gnu99;
				GCC_WARN_64_TO_32_BIT_CONVERSION = YES;
				GCC_WARN_ABOUT_RETURN_TYPE = YES_ERROR;
				GCC_WARN_UNDECLARED_SELECTOR = YES;
				GCC_WARN_UNINITIALIZED_AUTOS = YES_AGGRESSIVE;
				GCC_WARN_UNUSED_FUNCTION = YES;
				GCC_WARN_UNUSED_VARIABLE = YES;
				IPHONEOS_DEPLOYMENT_TARGET = 7.1;
				SDKROOT = iphoneos;
				VALIDATE_PRODUCT = YES;
			};
			name = Release;
		};
		FAA93B8819B56B2A000678CF /* Debug */ = {
			isa = XCBuildConfiguration;
			buildSettings = {
				ASSETCATALOG_COMPILER_APPICON_NAME = AppIcon;
				ASSETCATALOG_COMPILER_LAUNCHIMAGE_NAME = LaunchImage;
				GCC_PRECOMPILE_PREFIX_HEADER = YES;
				GCC_PREFIX_HEADER = "LED light bulbs for network control/LED light bulbs for network control-Prefix.pch";
				INFOPLIST_FILE = "LED light bulbs for network control/LED light bulbs for network control-Info.plist";
				PRODUCT_NAME = "$(TARGET_NAME)";
				WRAPPER_EXTENSION = app;
			};
			name = Debug;
		};
		FAA93B8919B56B2A000678CF /* Release */ = {
			isa = XCBuildConfiguration;
			buildSettings = {
				ASSETCATALOG_COMPILER_APPICON_NAME = AppIcon;
				ASSETCATALOG_COMPILER_LAUNCHIMAGE_NAME = LaunchImage;
				GCC_PRECOMPILE_PREFIX_HEADER = YES;
				GCC_PREFIX_HEADER = "LED light bulbs for network control/LED light bulbs for network control-Prefix.pch";
				INFOPLIST_FILE = "LED light bulbs for network control/LED light bulbs for network control-Info.plist";
				PRODUCT_NAME = "$(TARGET_NAME)";
				WRAPPER_EXTENSION = app;
			};
			name = Release;
		};
		FAA93B8B19B56B2A000678CF /* Debug */ = {
			isa = XCBuildConfiguration;
			buildSettings = {
				BUNDLE_LOADER = "$(BUILT_PRODUCTS_DIR)/LED light bulbs for network control.app/LED light bulbs for network control";
				FRAMEWORK_SEARCH_PATHS = (
					"$(SDKROOT)/Developer/Library/Frameworks",
					"$(inherited)",
					"$(DEVELOPER_FRAMEWORKS_DIR)",
				);
				GCC_PRECOMPILE_PREFIX_HEADER = YES;
				GCC_PREFIX_HEADER = "LED light bulbs for network control/LED light bulbs for network control-Prefix.pch";
				GCC_PREPROCESSOR_DEFINITIONS = (
					"DEBUG=1",
					"$(inherited)",
				);
				INFOPLIST_FILE = "LED light bulbs for network controlTests/LED light bulbs for network controlTests-Info.plist";
				PRODUCT_NAME = "$(TARGET_NAME)";
				TEST_HOST = "$(BUNDLE_LOADER)";
				WRAPPER_EXTENSION = xctest;
			};
			name = Debug;
		};
		FAA93B8C19B56B2A000678CF /* Release */ = {
			isa = XCBuildConfiguration;
			buildSettings = {
				BUNDLE_LOADER = "$(BUILT_PRODUCTS_DIR)/LED light bulbs for network control.app/LED light bulbs for network control";
				FRAMEWORK_SEARCH_PATHS = (
					"$(SDKROOT)/Developer/Library/Frameworks",
					"$(inherited)",
					"$(DEVELOPER_FRAMEWORKS_DIR)",
				);
				GCC_PRECOMPILE_PREFIX_HEADER = YES;
				GCC_PREFIX_HEADER = "LED light bulbs for network control/LED light bulbs for network control-Prefix.pch";
				INFOPLIST_FILE = "LED light bulbs for network controlTests/LED light bulbs for network controlTests-Info.plist";
				PRODUCT_NAME = "$(TARGET_NAME)";
				TEST_HOST = "$(BUNDLE_LOADER)";
				WRAPPER_EXTENSION = xctest;
			};
			name = Release;
		};
/* End XCBuildConfiguration section */

/* Begin XCConfigurationList section */
		FAA93B5019B56B2A000678CF /* Build configuration list for PBXProject "LED light bulbs for network control" */ = {
			isa = XCConfigurationList;
			buildConfigurations = (
				FAA93B8519B56B2A000678CF /* Debug */,
				FAA93B8619B56B2A000678CF /* Release */,
			);
			defaultConfigurationIsVisible = 0;
			defaultConfigurationName = Release;
		};
		FAA93B8719B56B2A000678CF /* Build configuration list for PBXNativeTarget "LED light bulbs for network control" */ = {
			isa = XCConfigurationList;
			buildConfigurations = (
				FAA93B8819B56B2A000678CF /* Debug */,
				FAA93B8919B56B2A000678CF /* Release */,
			);
			defaultConfigurationIsVisible = 0;
		};
		FAA93B8A19B56B2A000678CF /* Build configuration list for PBXNativeTarget "LED light bulbs for network controlTests" */ = {
			isa = XCConfigurationList;
			buildConfigurations = (
				FAA93B8B19B56B2A000678CF /* Debug */,
				FAA93B8C19B56B2A000678CF /* Release */,
			);
			defaultConfigurationIsVisible = 0;
		};
/* End XCConfigurationList section */

/* Begin XCVersionGroup section */
		FAA93B6C19B56B2A000678CF /* LED_light_bulbs_for_network_control.xcdatamodeld */ = {
			isa = XCVersionGroup;
			children = (
				FAA93B6D19B56B2A000678CF /* LED_light_bulbs_for_network_control.xcdatamodel */,
			);
			currentVersion = FAA93B6D19B56B2A000678CF /* LED_light_bulbs_for_network_control.xcdatamodel */;
			path = LED_light_bulbs_for_network_control.xcdatamodeld;
			sourceTree = "<group>";
			versionGroupType = wrapper.xcdatamodel;
		};
/* End XCVersionGroup section */
	};
	rootObject = FAA93B4D19B56B2A000678CF /* Project object */;
}
